
Microsoft Visual Studio Solution File, Format Version 12.00
# Visual Studio Version 17
VisualStudioVersion = 17.3.32901.215
MinimumVisualStudioVersion = 10.0.40219.1
Project("{FAE04EC0-301F-11D3-BF4B-00C04F79EFBC}") = "csharp-functions", "csharp-functions.csproj", "{AFC66240-4289-46B1-B45C-4868697205FE}"
EndProject
Global
	GlobalSection(SolutionConfigurationPlatforms) = preSolution
		Debug|Any CPU = Debug|Any CPU
		Release|Any CPU = Release|Any CPU
	EndGlobalSection
	GlobalSection(ProjectConfigurationPlatforms) = postSolution
		{AFC66240-4289-46B1-B45C-4868697205FE}.Debug|Any CPU.ActiveCfg = Debug|Any CPU
		{AFC66240-4289-46B1-B45C-4868697205FE}.Debug|Any CPU.Build.0 = Debug|Any CPU
		{AFC66240-4289-46B1-B45C-4868697205FE}.Release|Any CPU.ActiveCfg = Release|Any CPU
		{AFC66240-4289-46B1-B45C-4868697205FE}.Release|Any CPU.Build.0 = Release|Any CPU
	EndGlobalSection
	GlobalSection(SolutionProperties) = preSolution
		HideSolutionNode = FALSE
	EndGlobalSection
	GlobalSection(ExtensibilityGlobals) = postSolution
		SolutionGuid = {7B48A957-5EB1-497C-A474-DDB441EF4C7D}
	EndGlobalSection
EndGlobal
